
Microsoft Visual Studio Solution File, Format Version 12.00
# Visual Studio Version 16
VisualStudioVersion = 16.0.30611.23
MinimumVisualStudioVersion = 10.0.40219.1
Project("{9A19103F-16F7-4668-BE54-9A1E7A4F7556}") = "DatalivaWebProjectWithBlazor", "DatalivaWebProjectWithBlazor\DatalivaWebProjectWithBlazor.csproj", "{7C2681EE-77EE-42C3-8408-B2F08F0818A5}"
EndProject
Global
	GlobalSection(SolutionConfigurationPlatforms) = preSolution
		Debug|Any CPU = Debug|Any CPU
		Release|Any CPU = Release|Any CPU
	EndGlobalSection
	GlobalSection(ProjectConfigurationPlatforms) = postSolution
		{7C2681EE-77EE-42C3-8408-B2F08F0818A5}.Debug|Any CPU.ActiveCfg = Debug|Any CPU
		{7C2681EE-77EE-42C3-8408-B2F08F0818A5}.Debug|Any CPU.Build.0 = Debug|Any CPU
		{7C2681EE-77EE-42C3-8408-B2F08F0818A5}.Release|Any CPU.ActiveCfg = Release|Any CPU
		{7C2681EE-77EE-42C3-8408-B2F08F0818A5}.Release|Any CPU.Build.0 = Release|Any CPU
	EndGlobalSection
	GlobalSection(SolutionProperties) = preSolution
		HideSolutionNode = FALSE
	EndGlobalSection
	GlobalSection(ExtensibilityGlobals) = postSolution
		SolutionGuid = {96ABAD1B-58DB-4BE7-AFD0-6FFB72D09F7A}
	EndGlobalSection
EndGlobal
